
Microsoft Visual Studio Solution File, Format Version 12.00
# Visual Studio Version 17
VisualStudioVersion = 17.0.31903.59
MinimumVisualStudioVersion = 10.0.40219.1
Project("{9A19103F-16F7-4668-BE54-9A1E7A4F7556}") = "ContosoTraders.Api.Core", "ContosoTraders.Api.Core\ContosoTraders.Api.Core.csproj", "{07A99FA1-A7CF-4797-9120-937994D30FF7}"
EndProject
Project("{9A19103F-16F7-4668-BE54-9A1E7A4F7556}") = "ContosoTraders.Api.Products", "ContosoTraders.Api.Products\ContosoTraders.Api.Products.csproj", "{F867B7B7-2B68-401A-A072-ADFEB61F75D8}"
EndProject
Project("{9A19103F-16F7-4668-BE54-9A1E7A4F7556}") = "ContosoTraders.Api.Profiles", "ContosoTraders.Api.Profiles\ContosoTraders.Api.Profiles.csproj", "{470EC658-DAAD-47FC-9041-342F744C2D2F}"
EndProject
Project("{9A19103F-16F7-4668-BE54-9A1E7A4F7556}") = "ContosoTraders.Api.Carts", "ContosoTraders.Api.Carts\ContosoTraders.Api.Carts.csproj", "{8B124EFF-94AA-4A17-B15B-EBD601452D68}"
EndProject
Global
	GlobalSection(SolutionConfigurationPlatforms) = preSolution
		Debug|Any CPU = Debug|Any CPU
		Release|Any CPU = Release|Any CPU
	EndGlobalSection
	GlobalSection(ProjectConfigurationPlatforms) = postSolution
		{07A99FA1-A7CF-4797-9120-937994D30FF7}.Debug|Any CPU.ActiveCfg = Debug|Any CPU
		{07A99FA1-A7CF-4797-9120-937994D30FF7}.Debug|Any CPU.Build.0 = Debug|Any CPU
		{07A99FA1-A7CF-4797-9120-937994D30FF7}.Release|Any CPU.ActiveCfg = Release|Any CPU
		{07A99FA1-A7CF-4797-9120-937994D30FF7}.Release|Any CPU.Build.0 = Release|Any CPU
		{F867B7B7-2B68-401A-A072-ADFEB61F75D8}.Debug|Any CPU.ActiveCfg = Debug|Any CPU
		{F867B7B7-2B68-401A-A072-ADFEB61F75D8}.Debug|Any CPU.Build.0 = Debug|Any CPU
		{F867B7B7-2B68-401A-A072-ADFEB61F75D8}.Release|Any CPU.ActiveCfg = Release|Any CPU
		{F867B7B7-2B68-401A-A072-ADFEB61F75D8}.Release|Any CPU.Build.0 = Release|Any CPU
		{470EC658-DAAD-47FC-9041-342F744C2D2F}.Debug|Any CPU.ActiveCfg = Debug|Any CPU
		{470EC658-DAAD-47FC-9041-342F744C2D2F}.Debug|Any CPU.Build.0 = Debug|Any CPU
		{470EC658-DAAD-47FC-9041-342F744C2D2F}.Release|Any CPU.ActiveCfg = Release|Any CPU
		{470EC658-DAAD-47FC-9041-342F744C2D2F}.Release|Any CPU.Build.0 = Release|Any CPU
		{8B124EFF-94AA-4A17-B15B-EBD601452D68}.Debug|Any CPU.ActiveCfg = Debug|Any CPU
		{8B124EFF-94AA-4A17-B15B-EBD601452D68}.Debug|Any CPU.Build.0 = Debug|Any CPU
		{8B124EFF-94AA-4A17-B15B-EBD601452D68}.Release|Any CPU.ActiveCfg = Release|Any CPU
		{8B124EFF-94AA-4A17-B15B-EBD601452D68}.Release|Any CPU.Build.0 = Release|Any CPU
	EndGlobalSection
	GlobalSection(SolutionProperties) = preSolution
		HideSolutionNode = FALSE
	EndGlobalSection
	GlobalSection(ExtensibilityGlobals) = postSolution
		SolutionGuid = {0F32E022-174B-4EDC-9D7B-58A6FD7C213D}
	EndGlobalSection
EndGlobal
